
Microsoft Visual Studio Solution File, Format Version 12.00
# Visual Studio Version 16
VisualStudioVersion = 16.0.31129.286
MinimumVisualStudioVersion = 10.0.40219.1
Project("{9A19103F-16F7-4668-BE54-9A1E7A4F7556}") = "AppRunSample", "AppRunSample\AppRunSample.csproj", "{AF879456-A2CE-4A24-A70D-17C2132F51A3}"
EndProject
Project("{9A19103F-16F7-4668-BE54-9A1E7A4F7556}") = "ProductGrpcService", "ProductGrpcService\ProductGrpcService.csproj", "{7D00A356-8344-4E46-890E-44E4F803F990}"
EndProject
Project("{9A19103F-16F7-4668-BE54-9A1E7A4F7556}") = "ProductGrpcClient", "ProductGrpcClient\ProductGrpcClient.csproj", "{F75462B0-DE3E-4633-B3FE-BCF390C27DDC}"
EndProject
Project("{9A19103F-16F7-4668-BE54-9A1E7A4F7556}") = "FileUploading", "FileUploading\FileUploading.csproj", "{275B675A-A3F5-4759-8454-90F5002E227D}"
EndProject
Project("{9A19103F-16F7-4668-BE54-9A1E7A4F7556}") = "FileUploadingClient", "FileUploadingClient\FileUploadingClient.csproj", "{655E8692-5742-4CD9-B11E-32535EFD4052}"
EndProject
Project("{9A19103F-16F7-4668-BE54-9A1E7A4F7556}") = "MiddlewarePipeline", "MiddlewarePipeline\MiddlewarePipeline.csproj", "{74DC6E22-A72D-46D0-B615-ECEDAF9E647A}"
EndProject
Project("{9A19103F-16F7-4668-BE54-9A1E7A4F7556}") = "HttpContextItems", "HttpContextItems\HttpContextItems.csproj", "{ABBECAD3-D0E7-4A16-9043-31F6039A5989}"
EndProject
Project("{9A19103F-16F7-4668-BE54-9A1E7A4F7556}") = "HttpContextSession", "HttpContextSession\HttpContextSession.csproj", "{3B6821EA-6704-425C-98E8-FD995D54AAA8}"
EndProject
Project("{9A19103F-16F7-4668-BE54-9A1E7A4F7556}") = "HttpContextCookies", "HttpContextCookies\HttpContextCookies.csproj", "{7245DD07-02F0-4D41-804D-A6F702B64DBB}"
EndProject
Project("{9A19103F-16F7-4668-BE54-9A1E7A4F7556}") = "UseConfigurationBuilder", "UseConfigurationBuilder\UseConfigurationBuilder.csproj", "{017F3AE6-6106-4218-8257-559E243E6175}"
EndProject
Project("{9A19103F-16F7-4668-BE54-9A1E7A4F7556}") = "WithSimpleLogger", "WithSimpleLogger\WithSimpleLogger.csproj", "{D5D55EB3-0FD5-417E-B1EF-198F56AB3BB2}"
EndProject
Project("{9A19103F-16F7-4668-BE54-9A1E7A4F7556}") = "WithHighPerfLogging", "WithHighPerfLogging\WithHighPerfLogging.csproj", "{1B21E910-500F-4EEC-B794-E97D7F80A081}"
EndProject
Project("{9A19103F-16F7-4668-BE54-9A1E7A4F7556}") = "ProductMVC", "ProductMVC\ProductMVC.csproj", "{1583C177-A49D-4F9D-B44C-6B90D8423EE5}"
EndProject
Project("{9A19103F-16F7-4668-BE54-9A1E7A4F7556}") = "OverrideActionResult", "OverrideActionResult\OverrideActionResult.csproj", "{958AE582-7BF2-44B7-894C-C4D01C8EFD96}"
EndProject
Project("{9A19103F-16F7-4668-BE54-9A1E7A4F7556}") = "OverrideController", "OverrideController\OverrideController.csproj", "{57CCD173-6323-4737-8661-735053AB678D}"
EndProject
Project("{FAE04EC0-301F-11D3-BF4B-00C04F79EFBC}") = "AppWithMemoryCache", "AppWithMemoryCache\AppWithMemoryCache.csproj", "{79686F07-DA7A-41EA-8823-6814B941797C}"
EndProject
Global
	GlobalSection(SolutionConfigurationPlatforms) = preSolution
		Debug|Any CPU = Debug|Any CPU
		Release|Any CPU = Release|Any CPU
	EndGlobalSection
	GlobalSection(ProjectConfigurationPlatforms) = postSolution
		{AF879456-A2CE-4A24-A70D-17C2132F51A3}.Debug|Any CPU.ActiveCfg = Debug|Any CPU
		{AF879456-A2CE-4A24-A70D-17C2132F51A3}.Debug|Any CPU.Build.0 = Debug|Any CPU
		{AF879456-A2CE-4A24-A70D-17C2132F51A3}.Release|Any CPU.ActiveCfg = Release|Any CPU
		{AF879456-A2CE-4A24-A70D-17C2132F51A3}.Release|Any CPU.Build.0 = Release|Any CPU
		{7D00A356-8344-4E46-890E-44E4F803F990}.Debug|Any CPU.ActiveCfg = Debug|Any CPU
		{7D00A356-8344-4E46-890E-44E4F803F990}.Debug|Any CPU.Build.0 = Debug|Any CPU
		{7D00A356-8344-4E46-890E-44E4F803F990}.Release|Any CPU.ActiveCfg = Release|Any CPU
		{7D00A356-8344-4E46-890E-44E4F803F990}.Release|Any CPU.Build.0 = Release|Any CPU
		{F75462B0-DE3E-4633-B3FE-BCF390C27DDC}.Debug|Any CPU.ActiveCfg = Debug|Any CPU
		{F75462B0-DE3E-4633-B3FE-BCF390C27DDC}.Debug|Any CPU.Build.0 = Debug|Any CPU
		{F75462B0-DE3E-4633-B3FE-BCF390C27DDC}.Release|Any CPU.ActiveCfg = Release|Any CPU
		{F75462B0-DE3E-4633-B3FE-BCF390C27DDC}.Release|Any CPU.Build.0 = Release|Any CPU
		{275B675A-A3F5-4759-8454-90F5002E227D}.Debug|Any CPU.ActiveCfg = Debug|Any CPU
		{275B675A-A3F5-4759-8454-90F5002E227D}.Debug|Any CPU.Build.0 = Debug|Any CPU
		{275B675A-A3F5-4759-8454-90F5002E227D}.Release|Any CPU.ActiveCfg = Release|Any CPU
		{275B675A-A3F5-4759-8454-90F5002E227D}.Release|Any CPU.Build.0 = Release|Any CPU
		{655E8692-5742-4CD9-B11E-32535EFD4052}.Debug|Any CPU.ActiveCfg = Debug|Any CPU
		{655E8692-5742-4CD9-B11E-32535EFD4052}.Debug|Any CPU.Build.0 = Debug|Any CPU
		{655E8692-5742-4CD9-B11E-32535EFD4052}.Release|Any CPU.ActiveCfg = Release|Any CPU
		{655E8692-5742-4CD9-B11E-32535EFD4052}.Release|Any CPU.Build.0 = Release|Any CPU
		{74DC6E22-A72D-46D0-B615-ECEDAF9E647A}.Debug|Any CPU.ActiveCfg = Debug|Any CPU
		{74DC6E22-A72D-46D0-B615-ECEDAF9E647A}.Debug|Any CPU.Build.0 = Debug|Any CPU
		{74DC6E22-A72D-46D0-B615-ECEDAF9E647A}.Release|Any CPU.ActiveCfg = Release|Any CPU
		{74DC6E22-A72D-46D0-B615-ECEDAF9E647A}.Release|Any CPU.Build.0 = Release|Any CPU
		{ABBECAD3-D0E7-4A16-9043-31F6039A5989}.Debug|Any CPU.ActiveCfg = Debug|Any CPU
		{ABBECAD3-D0E7-4A16-9043-31F6039A5989}.Debug|Any CPU.Build.0 = Debug|Any CPU
		{ABBECAD3-D0E7-4A16-9043-31F6039A5989}.Release|Any CPU.ActiveCfg = Release|Any CPU
		{ABBECAD3-D0E7-4A16-9043-31F6039A5989}.Release|Any CPU.Build.0 = Release|Any CPU
		{3B6821EA-6704-425C-98E8-FD995D54AAA8}.Debug|Any CPU.ActiveCfg = Debug|Any CPU
		{3B6821EA-6704-425C-98E8-FD995D54AAA8}.Debug|Any CPU.Build.0 = Debug|Any CPU
		{3B6821EA-6704-425C-98E8-FD995D54AAA8}.Release|Any CPU.ActiveCfg = Release|Any CPU
		{3B6821EA-6704-425C-98E8-FD995D54AAA8}.Release|Any CPU.Build.0 = Release|Any CPU
		{7245DD07-02F0-4D41-804D-A6F702B64DBB}.Debug|Any CPU.ActiveCfg = Debug|Any CPU
		{7245DD07-02F0-4D41-804D-A6F702B64DBB}.Debug|Any CPU.Build.0 = Debug|Any CPU
		{7245DD07-02F0-4D41-804D-A6F702B64DBB}.Release|Any CPU.ActiveCfg = Release|Any CPU
		{7245DD07-02F0-4D41-804D-A6F702B64DBB}.Release|Any CPU.Build.0 = Release|Any CPU
		{017F3AE6-6106-4218-8257-559E243E6175}.Debug|Any CPU.ActiveCfg = Debug|Any CPU
		{017F3AE6-6106-4218-8257-559E243E6175}.Debug|Any CPU.Build.0 = Debug|Any CPU
		{017F3AE6-6106-4218-8257-559E243E6175}.Release|Any CPU.ActiveCfg = Release|Any CPU
		{017F3AE6-6106-4218-8257-559E243E6175}.Release|Any CPU.Build.0 = Release|Any CPU
		{D5D55EB3-0FD5-417E-B1EF-198F56AB3BB2}.Debug|Any CPU.ActiveCfg = Debug|Any CPU
		{D5D55EB3-0FD5-417E-B1EF-198F56AB3BB2}.Debug|Any CPU.Build.0 = Debug|Any CPU
		{D5D55EB3-0FD5-417E-B1EF-198F56AB3BB2}.Release|Any CPU.ActiveCfg = Release|Any CPU
		{D5D55EB3-0FD5-417E-B1EF-198F56AB3BB2}.Release|Any CPU.Build.0 = Release|Any CPU
		{1B21E910-500F-4EEC-B794-E97D7F80A081}.Debug|Any CPU.ActiveCfg = Debug|Any CPU
		{1B21E910-500F-4EEC-B794-E97D7F80A081}.Debug|Any CPU.Build.0 = Debug|Any CPU
		{1B21E910-500F-4EEC-B794-E97D7F80A081}.Release|Any CPU.ActiveCfg = Release|Any CPU
		{1B21E910-500F-4EEC-B794-E97D7F80A081}.Release|Any CPU.Build.0 = Release|Any CPU
		{1583C177-A49D-4F9D-B44C-6B90D8423EE5}.Debug|Any CPU.ActiveCfg = Debug|Any CPU
		{1583C177-A49D-4F9D-B44C-6B90D8423EE5}.Debug|Any CPU.Build.0 = Debug|Any CPU
		{1583C177-A49D-4F9D-B44C-6B90D8423EE5}.Release|Any CPU.ActiveCfg = Release|Any CPU
		{1583C177-A49D-4F9D-B44C-6B90D8423EE5}.Release|Any CPU.Build.0 = Release|Any CPU
		{958AE582-7BF2-44B7-894C-C4D01C8EFD96}.Debug|Any CPU.ActiveCfg = Debug|Any CPU
		{958AE582-7BF2-44B7-894C-C4D01C8EFD96}.Debug|Any CPU.Build.0 = Debug|Any CPU
		{958AE582-7BF2-44B7-894C-C4D01C8EFD96}.Release|Any CPU.ActiveCfg = Release|Any CPU
		{958AE582-7BF2-44B7-894C-C4D01C8EFD96}.Release|Any CPU.Build.0 = Release|Any CPU
		{57CCD173-6323-4737-8661-735053AB678D}.Debug|Any CPU.ActiveCfg = Debug|Any CPU
		{57CCD173-6323-4737-8661-735053AB678D}.Debug|Any CPU.Build.0 = Debug|Any CPU
		{57CCD173-6323-4737-8661-735053AB678D}.Release|Any CPU.ActiveCfg = Release|Any CPU
		{57CCD173-6323-4737-8661-735053AB678D}.Release|Any CPU.Build.0 = Release|Any CPU
		{79686F07-DA7A-41EA-8823-6814B941797C}.Debug|Any CPU.ActiveCfg = Debug|Any CPU
		{79686F07-DA7A-41EA-8823-6814B941797C}.Debug|Any CPU.Build.0 = Debug|Any CPU
		{79686F07-DA7A-41EA-8823-6814B941797C}.Release|Any CPU.ActiveCfg = Release|Any CPU
		{79686F07-DA7A-41EA-8823-6814B941797C}.Release|Any CPU.Build.0 = Release|Any CPU
	EndGlobalSection
	GlobalSection(SolutionProperties) = preSolution
		HideSolutionNode = FALSE
	EndGlobalSection
	GlobalSection(ExtensibilityGlobals) = postSolution
		SolutionGuid = {F2C37919-58FA-42B7-8D16-68E03F6A9D03}
	EndGlobalSection
EndGlobal
