
Microsoft Visual Studio Solution File, Format Version 12.00
# Visual Studio Version 16
VisualStudioVersion = 16.0.31129.286
MinimumVisualStudioVersion = 10.0.40219.1
Project("{9A19103F-16F7-4668-BE54-9A1E7A4F7556}") = "AppRunSample", "AppRunSample\AppRunSample.csproj", "{AF879456-A2CE-4A24-A70D-17C2132F51A3}"
EndProject
Project("{9A19103F-16F7-4668-BE54-9A1E7A4F7556}") = "ProductGrpcService", "ProductGrpcService\ProductGrpcService.csproj", "{7D00A356-8344-4E46-890E-44E4F803F990}"
EndProject
Project("{9A19103F-16F7-4668-BE54-9A1E7A4F7556}") = "ProductGrpcClient", "ProductGrpcClient\ProductGrpcClient.csproj", "{F75462B0-DE3E-4633-B3FE-BCF390C27DDC}"
EndProject
Project("{9A19103F-16F7-4668-BE54-9A1E7A4F7556}") = "FileUploading", "FileUploading\FileUploading.csproj", "{275B675A-A3F5-4759-8454-90F5002E227D}"
EndProject
Project("{9A19103F-16F7-4668-BE54-9A1E7A4F7556}") = "FileUploadingClient", "FileUploadingClient\FileUploadingClient.csproj", "{655E8692-5742-4CD9-B11E-32535EFD4052}"
EndProject
Project("{FAE04EC0-301F-11D3-BF4B-00C04F79EFBC}") = "MiddlewarePipeline", "MiddlewarePipeline\MiddlewarePipeline.csproj", "{74DC6E22-A72D-46D0-B615-ECEDAF9E647A}"
EndProject
Global
	GlobalSection(SolutionConfigurationPlatforms) = preSolution
		Debug|Any CPU = Debug|Any CPU
		Release|Any CPU = Release|Any CPU
	EndGlobalSection
	GlobalSection(ProjectConfigurationPlatforms) = postSolution
		{AF879456-A2CE-4A24-A70D-17C2132F51A3}.Debug|Any CPU.ActiveCfg = Debug|Any CPU
		{AF879456-A2CE-4A24-A70D-17C2132F51A3}.Debug|Any CPU.Build.0 = Debug|Any CPU
		{AF879456-A2CE-4A24-A70D-17C2132F51A3}.Release|Any CPU.ActiveCfg = Release|Any CPU
		{AF879456-A2CE-4A24-A70D-17C2132F51A3}.Release|Any CPU.Build.0 = Release|Any CPU
		{7D00A356-8344-4E46-890E-44E4F803F990}.Debug|Any CPU.ActiveCfg = Debug|Any CPU
		{7D00A356-8344-4E46-890E-44E4F803F990}.Debug|Any CPU.Build.0 = Debug|Any CPU
		{7D00A356-8344-4E46-890E-44E4F803F990}.Release|Any CPU.ActiveCfg = Release|Any CPU
		{7D00A356-8344-4E46-890E-44E4F803F990}.Release|Any CPU.Build.0 = Release|Any CPU
		{F75462B0-DE3E-4633-B3FE-BCF390C27DDC}.Debug|Any CPU.ActiveCfg = Debug|Any CPU
		{F75462B0-DE3E-4633-B3FE-BCF390C27DDC}.Debug|Any CPU.Build.0 = Debug|Any CPU
		{F75462B0-DE3E-4633-B3FE-BCF390C27DDC}.Release|Any CPU.ActiveCfg = Release|Any CPU
		{F75462B0-DE3E-4633-B3FE-BCF390C27DDC}.Release|Any CPU.Build.0 = Release|Any CPU
		{275B675A-A3F5-4759-8454-90F5002E227D}.Debug|Any CPU.ActiveCfg = Debug|Any CPU
		{275B675A-A3F5-4759-8454-90F5002E227D}.Debug|Any CPU.Build.0 = Debug|Any CPU
		{275B675A-A3F5-4759-8454-90F5002E227D}.Release|Any CPU.ActiveCfg = Release|Any CPU
		{275B675A-A3F5-4759-8454-90F5002E227D}.Release|Any CPU.Build.0 = Release|Any CPU
		{655E8692-5742-4CD9-B11E-32535EFD4052}.Debug|Any CPU.ActiveCfg = Debug|Any CPU
		{655E8692-5742-4CD9-B11E-32535EFD4052}.Debug|Any CPU.Build.0 = Debug|Any CPU
		{655E8692-5742-4CD9-B11E-32535EFD4052}.Release|Any CPU.ActiveCfg = Release|Any CPU
		{655E8692-5742-4CD9-B11E-32535EFD4052}.Release|Any CPU.Build.0 = Release|Any CPU
		{74DC6E22-A72D-46D0-B615-ECEDAF9E647A}.Debug|Any CPU.ActiveCfg = Debug|Any CPU
		{74DC6E22-A72D-46D0-B615-ECEDAF9E647A}.Debug|Any CPU.Build.0 = Debug|Any CPU
		{74DC6E22-A72D-46D0-B615-ECEDAF9E647A}.Release|Any CPU.ActiveCfg = Release|Any CPU
		{74DC6E22-A72D-46D0-B615-ECEDAF9E647A}.Release|Any CPU.Build.0 = Release|Any CPU
	EndGlobalSection
	GlobalSection(SolutionProperties) = preSolution
		HideSolutionNode = FALSE
	EndGlobalSection
	GlobalSection(ExtensibilityGlobals) = postSolution
		SolutionGuid = {F2C37919-58FA-42B7-8D16-68E03F6A9D03}
	EndGlobalSection
EndGlobal
